{
  "version": "4",
  "redirects": {
    "https://esm.sh/@supabase/node-fetch@^2.6.13?target=denonext": "https://esm.sh/@supabase/node-fetch@2.6.15?target=denonext",
    "https://esm.sh/@supabase/node-fetch@^2.6.14?target=denonext": "https://esm.sh/@supabase/node-fetch@2.6.15?target=denonext",
    "https://esm.sh/@supabase/supabase-js@2": "https://esm.sh/@supabase/supabase-js@2.50.2",
    "https://esm.sh/canvg?target=denonext": "https://esm.sh/canvg@4.0.3?target=denonext",
    "https://esm.sh/dompurify?target=denonext": "https://esm.sh/dompurify@3.2.6?target=denonext",
    "https://esm.sh/fflate@^0.4.8?target=denonext": "https://esm.sh/fflate@0.4.8?target=denonext",
    "https://esm.sh/html2canvas?target=denonext": "https://esm.sh/html2canvas@1.4.1?target=denonext",
    "https://esm.sh/isows@^1.0.7?target=denonext": "https://esm.sh/isows@1.0.7?target=denonext",
    "https://esm.sh/performance-now@^2.1.0?target=denonext": "https://esm.sh/performance-now@2.1.0?target=denonext",
    "https://esm.sh/raf@^3.4.1?target=denonext": "https://esm.sh/raf@3.4.1?target=denonext",
    "https://esm.sh/rgbcolor@^1.0.1?target=denonext": "https://esm.sh/rgbcolor@1.0.1?target=denonext",
    "https://esm.sh/stackblur-canvas@^2.0.0?target=denonext": "https://esm.sh/stackblur-canvas@2.7.0?target=denonext",
    "https://esm.sh/svg-pathdata@^6.0.3?target=denonext": "https://esm.sh/svg-pathdata@6.0.3?target=denonext",
    "https://esm.sh/tr46@~0.0.3?target=denonext": "https://esm.sh/tr46@0.0.3?target=denonext",
    "https://esm.sh/webidl-conversions@^3.0.0?target=denonext": "https://esm.sh/webidl-conversions@3.0.1?target=denonext",
    "https://esm.sh/whatwg-url@^5.0.0?target=denonext": "https://esm.sh/whatwg-url@5.0.0?target=denonext"
  },
  "remote": {
    "https://deno.land/std@0.168.0/async/abortable.ts": "80b2ac399f142cc528f95a037a7d0e653296352d95c681e284533765961de409",
    "https://deno.land/std@0.168.0/async/deadline.ts": "2c2deb53c7c28ca1dda7a3ad81e70508b1ebc25db52559de6b8636c9278fd41f",
    "https://deno.land/std@0.168.0/async/debounce.ts": "60301ffb37e730cd2d6f9dadfd0ecb2a38857681bd7aaf6b0a106b06e5210a98",
    "https://deno.land/std@0.168.0/async/deferred.ts": "77d3f84255c3627f1cc88699d8472b664d7635990d5358c4351623e098e917d6",
    "https://deno.land/std@0.168.0/async/delay.ts": "5a9bfba8de38840308a7a33786a0155a7f6c1f7a859558ddcec5fe06e16daf57",
    "https://deno.land/std@0.168.0/async/mod.ts": "7809ad4bb223e40f5fdc043e5c7ca04e0e25eed35c32c3c32e28697c553fa6d9",
    "https://deno.land/std@0.168.0/async/mux_async_iterator.ts": "770a0ff26c59f8bbbda6b703a2235f04e379f73238e8d66a087edc68c2a2c35f",
    "https://deno.land/std@0.168.0/async/pool.ts": "6854d8cd675a74c73391c82005cbbe4cc58183bddcd1fbbd7c2bcda42b61cf69",
    "https://deno.land/std@0.168.0/async/retry.ts": "e8e5173623915bbc0ddc537698fa418cf875456c347eda1ed453528645b42e67",
    "https://deno.land/std@0.168.0/async/tee.ts": "3a47cc4e9a940904fd4341f0224907e199121c80b831faa5ec2b054c6d2eff5e",
    "https://deno.land/std@0.168.0/http/server.ts": "e99c1bee8a3f6571ee4cdeb2966efad465b8f6fe62bec1bdb59c1f007cc4d155",
    "https://esm.sh/@supabase/auth-js@2.70.0/denonext/auth-js.mjs": "51f137a91dc64489abf1a500582918ee5042e1e0b64c167f26a3b6d2f807f43c",
    "https://esm.sh/@supabase/functions-js@2.4.4/denonext/functions-js.mjs": "7adeb257410ef3c4a8a1eb9b4ff416c0075d1c32860ca04913c8a9dace1de6a6",
    "https://esm.sh/@supabase/node-fetch@2.6.15/denonext/node-fetch.mjs": "0bae9052231f4f6dbccc7234d05ea96923dbf967be12f402764580b6bf9f713d",
    "https://esm.sh/@supabase/node-fetch@2.6.15?target=denonext": "4d28c4ad97328403184353f68434f2b6973971507919e9150297413664919cf3",
    "https://esm.sh/@supabase/postgrest-js@1.19.4/denonext/postgrest-js.mjs": "2073b5552ba10c7a8302bffffae771e3aede1daf833382355dae239fb0ab2576",
    "https://esm.sh/@supabase/realtime-js@2.11.15/denonext/realtime-js.mjs": "3b7511415165a1b503eae1dfbc10814ef3d0c1c866c97fdec4f6714bfa34a847",
    "https://esm.sh/@supabase/storage-js@2.7.1/denonext/storage-js.mjs": "73ac8cdc95cfcd794fe603dbd7ce06d539ab51538ae6467eabe0f9cc26c993aa",
    "https://esm.sh/@supabase/supabase-js@2.50.2": "2760374fe5e43af09821abad913a116b06c913bf59f92ac079e7fc0ae001d2d7",
    "https://esm.sh/@supabase/supabase-js@2.50.2/denonext/supabase-js.mjs": "cb8ab343ca88f7a20f6eceb156d31c07092fcb2c5408f671807150964c33a85c",
    "https://esm.sh/canvg@4.0.3/denonext/canvg.mjs": "963ae6646373caece9a5e1b0190aad76f3424a75c65f5705ffc840d8bc8fa478",
    "https://esm.sh/canvg@4.0.3?target=denonext": "3d4cfa967ecff066d00121a53be6d4afcc2e1256279204c1a1707d6617b0711e",
    "https://esm.sh/dompurify@3.2.6/denonext/dompurify.mjs": "8dd7e2aa0edb9349dc01f2e3b0d629f651a834a5f1dbc0d7d88419e8eeb1ea95",
    "https://esm.sh/dompurify@3.2.6?target=denonext": "2b6f6b6758eb008b322fe06fabe2886b1b056a8dcd06fc91bab2367ceaa3e5e2",
    "https://esm.sh/fflate@0.4.8/denonext/fflate.mjs": "610ae48594868a63caede0945df16e43abd242739baaf4e10d8e9091c61ced7e",
    "https://esm.sh/fflate@0.4.8?target=denonext": "feae0b604626905078f6dc7d16ec843bcb2434cbdb36d9c2d2fc44a2c65f30ac",
    "https://esm.sh/html2canvas@1.4.1/denonext/html2canvas.mjs": "20edfd36c2f2ba82bead359ec4c40d57394d95c2e43f5cb7ec2cd50f5f2cda66",
    "https://esm.sh/html2canvas@1.4.1?target=denonext": "7c7506658947c798388a68425ade96cfca25110f0358cd1ad56a58972a7167f2",
    "https://esm.sh/isows@1.0.7/denonext/isows.mjs": "be1812ebbf28737b43588bbcbd89bf43345e3d58d32be13def331d12361045b4",
    "https://esm.sh/isows@1.0.7?target=denonext": "31b7306eada995ba18e29841d688a42bcc0166caf302e1b183b6d2a7c649f262",
    "https://esm.sh/jspdf@2.5.1": "c07581dbd904c5f4347d0ae882a204e4b398d78fbd75b04e67ffa1c9269be362",
    "https://esm.sh/jspdf@2.5.1/denonext/jspdf.mjs": "1ffd99f6d749d9ff464f470220526f8ca731967d0e6178628e73b73d82dc738b",
    "https://esm.sh/performance-now@2.1.0/denonext/performance-now.mjs": "865e852a187e5ac0622bc803aa0e959f633a71f2b6c297cda8806961febe889b",
    "https://esm.sh/performance-now@2.1.0?target=denonext": "19f5f27e3631f9a471d73e9bf3f3731cd099701a7656817ee92f922a9c0f3272",
    "https://esm.sh/raf@3.4.1/denonext/raf.mjs": "89ea0c5c4b2f095fe7d39fd1e846660d7e2c15e4ccb1d24d81178b1770f23ab2",
    "https://esm.sh/raf@3.4.1?target=denonext": "c23d7244deee17f4abdc9c44677d4a932937251b962a364a81a9db222dafd1de",
    "https://esm.sh/rgbcolor@1.0.1/denonext/rgbcolor.mjs": "d13ec6ea5a7f7e20676b031dcad6c12ab429d2a5a85099f48b4e55c899619010",
    "https://esm.sh/rgbcolor@1.0.1?target=denonext": "c13ff0d3264d1fb23d772400591f606440ee0c9a831e5c4534eebe1f324f0794",
    "https://esm.sh/stackblur-canvas@2.7.0/denonext/stackblur-canvas.mjs": "015ed7547ae865dbb8359c8e590ccd3f92fcde395a43bb664c3c2bf4481442ff",
    "https://esm.sh/stackblur-canvas@2.7.0?target=denonext": "10384fa4eba4071e7f139c74dbeae53504adf89ec023efde6b2e12d8384bd64a",
    "https://esm.sh/svg-pathdata@6.0.3/denonext/svg-pathdata.mjs": "88324962af844b8c8743d0213c960b8afe49c70202ef769db6a35757b871113c",
    "https://esm.sh/svg-pathdata@6.0.3?target=denonext": "1494f13da34d93f557f58931a30bab74697ec0eabbdb6d1b4df0c00956ceed0a",
    "https://esm.sh/tr46@0.0.3/denonext/tr46.mjs": "5753ec0a99414f4055f0c1f97691100f13d88e48a8443b00aebb90a512785fa2",
    "https://esm.sh/tr46@0.0.3?target=denonext": "19cb9be0f0d418a0c3abb81f2df31f080e9540a04e43b0f699bce1149cba0cbb",
    "https://esm.sh/webidl-conversions@3.0.1/denonext/webidl-conversions.mjs": "54b5c2d50a294853c4ccebf9d5ed8988c94f4e24e463d84ec859a866ea5fafec",
    "https://esm.sh/webidl-conversions@3.0.1?target=denonext": "4e20318d50528084616c79d7b3f6e7f0fe7b6d09013bd01b3974d7448d767e29",
    "https://esm.sh/whatwg-url@5.0.0/denonext/whatwg-url.mjs": "29b16d74ee72624c915745bbd25b617cfd2248c6af0f5120d131e232a9a9af79",
    "https://esm.sh/whatwg-url@5.0.0?target=denonext": "f001a2cadf81312d214ca330033f474e74d81a003e21e8c5d70a1f46dc97b02d"
  }
}
